// !$*UTF8*$!
{
	archiveVersion = 1;
	classes = {
	};
	objectVersion = 50;
	objects = {

/* Begin PBXBuildFile section */
		0B2A9892220E9FD90048DC80 /* TailPiece.swift in Sources */ = {isa = PBXBuildFile; fileRef = 0B2A9891220E9FD90048DC80 /* TailPiece.swift */; };
		0B5E0363221686AD00606FC6 /* LevelModel.xcdatamodeld in Sources */ = {isa = PBXBuildFile; fileRef = 0B5E0361221686AD00606FC6 /* LevelModel.xcdatamodeld */; };
		0B5E03812217794000606FC6 /* LevelDatabaseCreator.swift in Sources */ = {isa = PBXBuildFile; fileRef = 0B5E03802217794000606FC6 /* LevelDatabaseCreator.swift */; };
		0B5E03852218838A00606FC6 /* GameScene+ScreenEffects.swift in Sources */ = {isa = PBXBuildFile; fileRef = 0B5E03842218838A00606FC6 /* GameScene+ScreenEffects.swift */; };
		0B5E03872218A7D400606FC6 /* Player+Animations.swift in Sources */ = {isa = PBXBuildFile; fileRef = 0B5E03862218A7D400606FC6 /* Player+Animations.swift */; };
		0B729199220CA1DB008CAF41 /* PieceNode.swift in Sources */ = {isa = PBXBuildFile; fileRef = 0B729198220CA1DB008CAF41 /* PieceNode.swift */; };
		0B72919B220CA87F008CAF41 /* GameScene+Collisions.swift in Sources */ = {isa = PBXBuildFile; fileRef = 0B72919A220CA87F008CAF41 /* GameScene+Collisions.swift */; };
		0B72919D220CA8B1008CAF41 /* GameScene+Touches.swift in Sources */ = {isa = PBXBuildFile; fileRef = 0B72919C220CA8B1008CAF41 /* GameScene+Touches.swift */; };
		0B72919F220CB784008CAF41 /* Player.swift in Sources */ = {isa = PBXBuildFile; fileRef = 0B72919E220CB784008CAF41 /* Player.swift */; };
		0B7291A3220CC7C7008CAF41 /* GameScene+TailFunctions.swift in Sources */ = {isa = PBXBuildFile; fileRef = 0B7291A2220CC7C7008CAF41 /* GameScene+TailFunctions.swift */; };
		0B7291A5220DF14A008CAF41 /* PieceFactory.swift in Sources */ = {isa = PBXBuildFile; fileRef = 0B7291A4220DF14A008CAF41 /* PieceFactory.swift */; };
		0B7291A9220E1645008CAF41 /* titleMenu.xib in Resources */ = {isa = PBXBuildFile; fileRef = 0B7291A8220E1645008CAF41 /* titleMenu.xib */; };
		0B7291AB220E1743008CAF41 /* TitleMenuView.swift in Sources */ = {isa = PBXBuildFile; fileRef = 0B7291AA220E1743008CAF41 /* TitleMenuView.swift */; };
		0B7291AD220E2533008CAF41 /* GameScene+StartAndEnd.swift in Sources */ = {isa = PBXBuildFile; fileRef = 0B7291AC220E2533008CAF41 /* GameScene+StartAndEnd.swift */; };
		0B7291AF220E2813008CAF41 /* gameOverMenu.xib in Resources */ = {isa = PBXBuildFile; fileRef = 0B7291AE220E2813008CAF41 /* gameOverMenu.xib */; };
		0B7291B1220E2A60008CAF41 /* GameOverView.swift in Sources */ = {isa = PBXBuildFile; fileRef = 0B7291B0220E2A60008CAF41 /* GameOverView.swift */; };
		0B7291B3220E2B06008CAF41 /* MenuDelegateProtocol.swift in Sources */ = {isa = PBXBuildFile; fileRef = 0B7291B2220E2B06008CAF41 /* MenuDelegateProtocol.swift */; };
		0B7291B6220E429C008CAF41 /* CollisionCategories.swift in Sources */ = {isa = PBXBuildFile; fileRef = 0B7291B5220E429C008CAF41 /* CollisionCategories.swift */; };
		0B75BAC222109D1000927098 /* PieceTypes.swift in Sources */ = {isa = PBXBuildFile; fileRef = 0B75BAC122109D1000927098 /* PieceTypes.swift */; };
		0B75BAC42210CBED00927098 /* GameScene+PieceSizing.swift in Sources */ = {isa = PBXBuildFile; fileRef = 0B75BAC32210CBED00927098 /* GameScene+PieceSizing.swift */; };
		0BB11FA2220B36560089AD1C /* AppDelegate.swift in Sources */ = {isa = PBXBuildFile; fileRef = 0BB11FA1220B36560089AD1C /* AppDelegate.swift */; };
		0BB11FA4220B36560089AD1C /* GameScene.sks in Resources */ = {isa = PBXBuildFile; fileRef = 0BB11FA3220B36560089AD1C /* GameScene.sks */; };
		0BB11FA8220B36560089AD1C /* GameScene.swift in Sources */ = {isa = PBXBuildFile; fileRef = 0BB11FA7220B36560089AD1C /* GameScene.swift */; };
		0BB11FAA220B36560089AD1C /* GameViewController.swift in Sources */ = {isa = PBXBuildFile; fileRef = 0BB11FA9220B36560089AD1C /* GameViewController.swift */; };
		0BB11FAD220B36560089AD1C /* Main.storyboard in Resources */ = {isa = PBXBuildFile; fileRef = 0BB11FAB220B36560089AD1C /* Main.storyboard */; };
		0BB11FAF220B36570089AD1C /* Assets.xcassets in Resources */ = {isa = PBXBuildFile; fileRef = 0BB11FAE220B36570089AD1C /* Assets.xcassets */; };
		0BB11FB2220B36570089AD1C /* LaunchScreen.storyboard in Resources */ = {isa = PBXBuildFile; fileRef = 0BB11FB0220B36570089AD1C /* LaunchScreen.storyboard */; };
/* End PBXBuildFile section */

/* Begin PBXFileReference section */
		0B2A9891220E9FD90048DC80 /* TailPiece.swift */ = {isa = PBXFileReference; lastKnownFileType = sourcecode.swift; path = TailPiece.swift; sourceTree = "<group>"; };
		0B5E0362221686AD00606FC6 /* LevelModel.xcdatamodel */ = {isa = PBXFileReference; lastKnownFileType = wrapper.xcdatamodel; path = LevelModel.xcdatamodel; sourceTree = "<group>"; };
		0B5E03802217794000606FC6 /* LevelDatabaseCreator.swift */ = {isa = PBXFileReference; lastKnownFileType = sourcecode.swift; path = LevelDatabaseCreator.swift; sourceTree = "<group>"; };
		0B5E03842218838A00606FC6 /* GameScene+ScreenEffects.swift */ = {isa = PBXFileReference; lastKnownFileType = sourcecode.swift; path = "GameScene+ScreenEffects.swift"; sourceTree = "<group>"; };
		0B5E03862218A7D400606FC6 /* Player+Animations.swift */ = {isa = PBXFileReference; lastKnownFileType = sourcecode.swift; path = "Player+Animations.swift"; sourceTree = "<group>"; };
		0B729198220CA1DB008CAF41 /* PieceNode.swift */ = {isa = PBXFileReference; lastKnownFileType = sourcecode.swift; path = PieceNode.swift; sourceTree = "<group>"; };
		0B72919A220CA87F008CAF41 /* GameScene+Collisions.swift */ = {isa = PBXFileReference; lastKnownFileType = sourcecode.swift; path = "GameScene+Collisions.swift"; sourceTree = "<group>"; };
		0B72919C220CA8B1008CAF41 /* GameScene+Touches.swift */ = {isa = PBXFileReference; lastKnownFileType = sourcecode.swift; path = "GameScene+Touches.swift"; sourceTree = "<group>"; };
		0B72919E220CB784008CAF41 /* Player.swift */ = {isa = PBXFileReference; lastKnownFileType = sourcecode.swift; path = Player.swift; sourceTree = "<group>"; };
		0B7291A2220CC7C7008CAF41 /* GameScene+TailFunctions.swift */ = {isa = PBXFileReference; lastKnownFileType = sourcecode.swift; path = "GameScene+TailFunctions.swift"; sourceTree = "<group>"; };
		0B7291A4220DF14A008CAF41 /* PieceFactory.swift */ = {isa = PBXFileReference; lastKnownFileType = sourcecode.swift; path = PieceFactory.swift; sourceTree = "<group>"; };
		0B7291A8220E1645008CAF41 /* titleMenu.xib */ = {isa = PBXFileReference; lastKnownFileType = file.xib; path = titleMenu.xib; sourceTree = "<group>"; };
		0B7291AA220E1743008CAF41 /* TitleMenuView.swift */ = {isa = PBXFileReference; lastKnownFileType = sourcecode.swift; path = TitleMenuView.swift; sourceTree = "<group>"; };
		0B7291AC220E2533008CAF41 /* GameScene+StartAndEnd.swift */ = {isa = PBXFileReference; lastKnownFileType = sourcecode.swift; path = "GameScene+StartAndEnd.swift"; sourceTree = "<group>"; };
		0B7291AE220E2813008CAF41 /* gameOverMenu.xib */ = {isa = PBXFileReference; lastKnownFileType = file.xib; path = gameOverMenu.xib; sourceTree = "<group>"; };
		0B7291B0220E2A60008CAF41 /* GameOverView.swift */ = {isa = PBXFileReference; lastKnownFileType = sourcecode.swift; path = GameOverView.swift; sourceTree = "<group>"; };
		0B7291B2220E2B06008CAF41 /* MenuDelegateProtocol.swift */ = {isa = PBXFileReference; lastKnownFileType = sourcecode.swift; path = MenuDelegateProtocol.swift; sourceTree = "<group>"; };
		0B7291B5220E429C008CAF41 /* CollisionCategories.swift */ = {isa = PBXFileReference; lastKnownFileType = sourcecode.swift; path = CollisionCategories.swift; sourceTree = "<group>"; };
		0B75BAC122109D1000927098 /* PieceTypes.swift */ = {isa = PBXFileReference; lastKnownFileType = sourcecode.swift; path = PieceTypes.swift; sourceTree = "<group>"; };
		0B75BAC32210CBED00927098 /* GameScene+PieceSizing.swift */ = {isa = PBXFileReference; lastKnownFileType = sourcecode.swift; path = "GameScene+PieceSizing.swift"; sourceTree = "<group>"; };
		0BB11F9E220B36560089AD1C /* Neon.app */ = {isa = PBXFileReference; explicitFileType = wrapper.application; includeInIndex = 0; path = Neon.app; sourceTree = BUILT_PRODUCTS_DIR; };
		0BB11FA1220B36560089AD1C /* AppDelegate.swift */ = {isa = PBXFileReference; lastKnownFileType = sourcecode.swift; path = AppDelegate.swift; sourceTree = "<group>"; };
		0BB11FA3220B36560089AD1C /* GameScene.sks */ = {isa = PBXFileReference; lastKnownFileType = file.sks; path = GameScene.sks; sourceTree = "<group>"; };
		0BB11FA7220B36560089AD1C /* GameScene.swift */ = {isa = PBXFileReference; lastKnownFileType = sourcecode.swift; path = GameScene.swift; sourceTree = "<group>"; };
		0BB11FA9220B36560089AD1C /* GameViewController.swift */ = {isa = PBXFileReference; lastKnownFileType = sourcecode.swift; path = GameViewController.swift; sourceTree = "<group>"; };
		0BB11FAC220B36560089AD1C /* Base */ = {isa = PBXFileReference; lastKnownFileType = file.storyboard; name = Base; path = Base.lproj/Main.storyboard; sourceTree = "<group>"; };
		0BB11FAE220B36570089AD1C /* Assets.xcassets */ = {isa = PBXFileReference; lastKnownFileType = folder.assetcatalog; path = Assets.xcassets; sourceTree = "<group>"; };
		0BB11FB1220B36570089AD1C /* Base */ = {isa = PBXFileReference; lastKnownFileType = file.storyboard; name = Base; path = Base.lproj/LaunchScreen.storyboard; sourceTree = "<group>"; };
		0BB11FB3220B36570089AD1C /* Info.plist */ = {isa = PBXFileReference; lastKnownFileType = text.plist.xml; path = Info.plist; sourceTree = "<group>"; };
/* End PBXFileReference section */

/* Begin PBXFrameworksBuildPhase section */
		0BB11F9B220B36560089AD1C /* Frameworks */ = {
			isa = PBXFrameworksBuildPhase;
			buildActionMask = 2147483647;
			files = (
			);
			runOnlyForDeploymentPostprocessing = 0;
		};
/* End PBXFrameworksBuildPhase section */

/* Begin PBXGroup section */
		0B7291A0220CB7B1008CAF41 /* GamePieces */ = {
			isa = PBXGroup;
			children = (
				0B729198220CA1DB008CAF41 /* PieceNode.swift */,
				0B72919E220CB784008CAF41 /* Player.swift */,
				0B5E03862218A7D400606FC6 /* Player+Animations.swift */,
				0B2A9891220E9FD90048DC80 /* TailPiece.swift */,
				0B75BAC122109D1000927098 /* PieceTypes.swift */,
			);
			path = GamePieces;
			sourceTree = "<group>";
		};
		0B7291A1220CB7CD008CAF41 /* GameScene+Extensions */ = {
			isa = PBXGroup;
			children = (
				0BB11FA3220B36560089AD1C /* GameScene.sks */,
				0BB11FA7220B36560089AD1C /* GameScene.swift */,
				0B72919C220CA8B1008CAF41 /* GameScene+Touches.swift */,
				0B72919A220CA87F008CAF41 /* GameScene+Collisions.swift */,
				0B7291A2220CC7C7008CAF41 /* GameScene+TailFunctions.swift */,
				0B7291AC220E2533008CAF41 /* GameScene+StartAndEnd.swift */,
				0B75BAC32210CBED00927098 /* GameScene+PieceSizing.swift */,
				0B5E03842218838A00606FC6 /* GameScene+ScreenEffects.swift */,
			);
			path = "GameScene+Extensions";
			sourceTree = "<group>";
		};
		0B7291A6220E160B008CAF41 /* LevelManaging */ = {
			isa = PBXGroup;
			children = (
				0B5E03802217794000606FC6 /* LevelDatabaseCreator.swift */,
				0B7291A4220DF14A008CAF41 /* PieceFactory.swift */,
			);
			path = LevelManaging;
			sourceTree = "<group>";
		};
		0B7291A7220E162F008CAF41 /* Menus */ = {
			isa = PBXGroup;
			children = (
				0B7291B2220E2B06008CAF41 /* MenuDelegateProtocol.swift */,
				0B7291AE220E2813008CAF41 /* gameOverMenu.xib */,
				0B7291B0220E2A60008CAF41 /* GameOverView.swift */,
				0B7291A8220E1645008CAF41 /* titleMenu.xib */,
				0B7291AA220E1743008CAF41 /* TitleMenuView.swift */,
			);
			path = Menus;
			sourceTree = "<group>";
		};
		0B7291B4220E4273008CAF41 /* Enums */ = {
			isa = PBXGroup;
			children = (
				0B7291B5220E429C008CAF41 /* CollisionCategories.swift */,
			);
			path = Enums;
			sourceTree = "<group>";
		};
		0BB11F95220B36550089AD1C = {
			isa = PBXGroup;
			children = (
				0BB11FA0220B36560089AD1C /* Neon */,
				0BB11F9F220B36560089AD1C /* Products */,
			);
			sourceTree = "<group>";
		};
		0BB11F9F220B36560089AD1C /* Products */ = {
			isa = PBXGroup;
			children = (
				0BB11F9E220B36560089AD1C /* Neon.app */,
			);
			name = Products;
			sourceTree = "<group>";
		};
		0BB11FA0220B36560089AD1C /* Neon */ = {
			isa = PBXGroup;
			children = (
				0B7291B4220E4273008CAF41 /* Enums */,
				0B7291A7220E162F008CAF41 /* Menus */,
				0B7291A6220E160B008CAF41 /* LevelManaging */,
				0B7291A1220CB7CD008CAF41 /* GameScene+Extensions */,
				0B7291A0220CB7B1008CAF41 /* GamePieces */,
				0BB11FAE220B36570089AD1C /* Assets.xcassets */,
				0BB11FB3220B36570089AD1C /* Info.plist */,
				0BB11FA1220B36560089AD1C /* AppDelegate.swift */,
				0BB11FA9220B36560089AD1C /* GameViewController.swift */,
				0BB11FB0220B36570089AD1C /* LaunchScreen.storyboard */,
				0BB11FAB220B36560089AD1C /* Main.storyboard */,
				0B5E0361221686AD00606FC6 /* LevelModel.xcdatamodeld */,
			);
			path = Neon;
			sourceTree = "<group>";
		};
/* End PBXGroup section */

/* Begin PBXNativeTarget section */
		0BB11F9D220B36560089AD1C /* Neon */ = {
			isa = PBXNativeTarget;
			buildConfigurationList = 0BB11FB6220B36570089AD1C /* Build configuration list for PBXNativeTarget "Neon" */;
			buildPhases = (
				0BB11F9A220B36560089AD1C /* Sources */,
				0BB11F9B220B36560089AD1C /* Frameworks */,
				0BB11F9C220B36560089AD1C /* Resources */,
			);
			buildRules = (
			);
			dependencies = (
			);
			name = Neon;
			productName = Neon;
			productReference = 0BB11F9E220B36560089AD1C /* Neon.app */;
			productType = "com.apple.product-type.application";
		};
/* End PBXNativeTarget section */

/* Begin PBXProject section */
		0BB11F96220B36550089AD1C /* Project object */ = {
			isa = PBXProject;
			attributes = {
				LastSwiftUpdateCheck = 1010;
				LastUpgradeCheck = 1010;
				ORGANIZATIONNAME = "Spencer Symington";
				TargetAttributes = {
					0BB11F9D220B36560089AD1C = {
						CreatedOnToolsVersion = 10.1;
					};
				};
			};
			buildConfigurationList = 0BB11F99220B36550089AD1C /* Build configuration list for PBXProject "Neon" */;
			compatibilityVersion = "Xcode 9.3";
			developmentRegion = en;
			hasScannedForEncodings = 0;
			knownRegions = (
				en,
				Base,
			);
			mainGroup = 0BB11F95220B36550089AD1C;
			productRefGroup = 0BB11F9F220B36560089AD1C /* Products */;
			projectDirPath = "";
			projectRoot = "";
			targets = (
				0BB11F9D220B36560089AD1C /* Neon */,
			);
		};
/* End PBXProject section */

/* Begin PBXResourcesBuildPhase section */
		0BB11F9C220B36560089AD1C /* Resources */ = {
			isa = PBXResourcesBuildPhase;
			buildActionMask = 2147483647;
			files = (
				0BB11FAD220B36560089AD1C /* Main.storyboard in Resources */,
				0BB11FA4220B36560089AD1C /* GameScene.sks in Resources */,
				0B7291AF220E2813008CAF41 /* gameOverMenu.xib in Resources */,
				0BB11FAF220B36570089AD1C /* Assets.xcassets in Resources */,
				0B7291A9220E1645008CAF41 /* titleMenu.xib in Resources */,
				0BB11FB2220B36570089AD1C /* LaunchScreen.storyboard in Resources */,
			);
			runOnlyForDeploymentPostprocessing = 0;
		};
/* End PBXResourcesBuildPhase section */

/* Begin PBXSourcesBuildPhase section */
		0BB11F9A220B36560089AD1C /* Sources */ = {
			isa = PBXSourcesBuildPhase;
			buildActionMask = 2147483647;
			files = (
				0B72919D220CA8B1008CAF41 /* GameScene+Touches.swift in Sources */,
				0B2A9892220E9FD90048DC80 /* TailPiece.swift in Sources */,
				0B72919B220CA87F008CAF41 /* GameScene+Collisions.swift in Sources */,
				0B7291B3220E2B06008CAF41 /* MenuDelegateProtocol.swift in Sources */,
				0BB11FA8220B36560089AD1C /* GameScene.swift in Sources */,
				0B7291A5220DF14A008CAF41 /* PieceFactory.swift in Sources */,
				0B75BAC222109D1000927098 /* PieceTypes.swift in Sources */,
				0B5E03852218838A00606FC6 /* GameScene+ScreenEffects.swift in Sources */,
				0BB11FAA220B36560089AD1C /* GameViewController.swift in Sources */,
				0B72919F220CB784008CAF41 /* Player.swift in Sources */,
				0B7291AB220E1743008CAF41 /* TitleMenuView.swift in Sources */,
				0B7291B6220E429C008CAF41 /* CollisionCategories.swift in Sources */,
				0B75BAC42210CBED00927098 /* GameScene+PieceSizing.swift in Sources */,
				0B7291AD220E2533008CAF41 /* GameScene+StartAndEnd.swift in Sources */,
				0B729199220CA1DB008CAF41 /* PieceNode.swift in Sources */,
				0B7291A3220CC7C7008CAF41 /* GameScene+TailFunctions.swift in Sources */,
				0B7291B1220E2A60008CAF41 /* GameOverView.swift in Sources */,
				0B5E0363221686AD00606FC6 /* LevelModel.xcdatamodeld in Sources */,
				0B5E03812217794000606FC6 /* LevelDatabaseCreator.swift in Sources */,
				0B5E03872218A7D400606FC6 /* Player+Animations.swift in Sources */,
				0BB11FA2220B36560089AD1C /* AppDelegate.swift in Sources */,
			);
			runOnlyForDeploymentPostprocessing = 0;
		};
/* End PBXSourcesBuildPhase section */

/* Begin PBXVariantGroup section */
		0BB11FAB220B36560089AD1C /* Main.storyboard */ = {
			isa = PBXVariantGroup;
			children = (
				0BB11FAC220B36560089AD1C /* Base */,
			);
			name = Main.storyboard;
			sourceTree = "<group>";
		};
		0BB11FB0220B36570089AD1C /* LaunchScreen.storyboard */ = {
			isa = PBXVariantGroup;
			children = (
				0BB11FB1220B36570089AD1C /* Base */,
			);
			name = LaunchScreen.storyboard;
			sourceTree = "<group>";
		};
/* End PBXVariantGroup section */

/* Begin XCBuildConfiguration section */
		0BB11FB4220B36570089AD1C /* Debug */ = {
			isa = XCBuildConfiguration;
			buildSettings = {
				ALWAYS_SEARCH_USER_PATHS = NO;
				CLANG_ANALYZER_NONNULL = YES;
				CLANG_ANALYZER_NUMBER_OBJECT_CONVERSION = YES_AGGRESSIVE;
				CLANG_CXX_LANGUAGE_STANDARD = "gnu++14";
				CLANG_CXX_LIBRARY = "libc++";
				CLANG_ENABLE_MODULES = YES;
				CLANG_ENABLE_OBJC_ARC = YES;
				CLANG_ENABLE_OBJC_WEAK = YES;
				CLANG_WARN_BLOCK_CAPTURE_AUTORELEASING = YES;
				CLANG_WARN_BOOL_CONVERSION = YES;
				CLANG_WARN_COMMA = YES;
				CLANG_WARN_CONSTANT_CONVERSION = YES;
				CLANG_WARN_DEPRECATED_OBJC_IMPLEMENTATIONS = YES;
				CLANG_WARN_DIRECT_OBJC_ISA_USAGE = YES_ERROR;
				CLANG_WARN_DOCUMENTATION_COMMENTS = YES;
				CLANG_WARN_EMPTY_BODY = YES;
				CLANG_WARN_ENUM_CONVERSION = YES;
				CLANG_WARN_INFINITE_RECURSION = YES;
				CLANG_WARN_INT_CONVERSION = YES;
				CLANG_WARN_NON_LITERAL_NULL_CONVERSION = YES;
				CLANG_WARN_OBJC_IMPLICIT_RETAIN_SELF = YES;
				CLANG_WARN_OBJC_LITERAL_CONVERSION = YES;
				CLANG_WARN_OBJC_ROOT_CLASS = YES_ERROR;
				CLANG_WARN_RANGE_LOOP_ANALYSIS = YES;
				CLANG_WARN_STRICT_PROTOTYPES = YES;
				CLANG_WARN_SUSPICIOUS_MOVE = YES;
				CLANG_WARN_UNGUARDED_AVAILABILITY = YES_AGGRESSIVE;
				CLANG_WARN_UNREACHABLE_CODE = YES;
				CLANG_WARN__DUPLICATE_METHOD_MATCH = YES;
				CODE_SIGN_IDENTITY = "iPhone Developer";
				COPY_PHASE_STRIP = NO;
				DEBUG_INFORMATION_FORMAT = dwarf;
				ENABLE_STRICT_OBJC_MSGSEND = YES;
				ENABLE_TESTABILITY = YES;
				GCC_C_LANGUAGE_STANDARD = gnu11;
				GCC_DYNAMIC_NO_PIC = NO;
				GCC_NO_COMMON_BLOCKS = YES;
				GCC_OPTIMIZATION_LEVEL = 0;
				GCC_PREPROCESSOR_DEFINITIONS = (
					"DEBUG=1",
					"$(inherited)",
				);
				GCC_WARN_64_TO_32_BIT_CONVERSION = YES;
				GCC_WARN_ABOUT_RETURN_TYPE = YES_ERROR;
				GCC_WARN_UNDECLARED_SELECTOR = YES;
				GCC_WARN_UNINITIALIZED_AUTOS = YES_AGGRESSIVE;
				GCC_WARN_UNUSED_FUNCTION = YES;
				GCC_WARN_UNUSED_VARIABLE = YES;
				IPHONEOS_DEPLOYMENT_TARGET = 12.1;
				MTL_ENABLE_DEBUG_INFO = INCLUDE_SOURCE;
				MTL_FAST_MATH = YES;
				ONLY_ACTIVE_ARCH = YES;
				SDKROOT = iphoneos;
				SWIFT_ACTIVE_COMPILATION_CONDITIONS = DEBUG;
				SWIFT_OPTIMIZATION_LEVEL = "-Onone";
			};
			name = Debug;
		};
		0BB11FB5220B36570089AD1C /* Release */ = {
			isa = XCBuildConfiguration;
			buildSettings = {
				ALWAYS_SEARCH_USER_PATHS = NO;
				CLANG_ANALYZER_NONNULL = YES;
				CLANG_ANALYZER_NUMBER_OBJECT_CONVERSION = YES_AGGRESSIVE;
				CLANG_CXX_LANGUAGE_STANDARD = "gnu++14";
				CLANG_CXX_LIBRARY = "libc++";
				CLANG_ENABLE_MODULES = YES;
				CLANG_ENABLE_OBJC_ARC = YES;
				CLANG_ENABLE_OBJC_WEAK = YES;
				CLANG_WARN_BLOCK_CAPTURE_AUTORELEASING = YES;
				CLANG_WARN_BOOL_CONVERSION = YES;
				CLANG_WARN_COMMA = YES;
				CLANG_WARN_CONSTANT_CONVERSION = YES;
				CLANG_WARN_DEPRECATED_OBJC_IMPLEMENTATIONS = YES;
				CLANG_WARN_DIRECT_OBJC_ISA_USAGE = YES_ERROR;
				CLANG_WARN_DOCUMENTATION_COMMENTS = YES;
				CLANG_WARN_EMPTY_BODY = YES;
				CLANG_WARN_ENUM_CONVERSION = YES;
				CLANG_WARN_INFINITE_RECURSION = YES;
				CLANG_WARN_INT_CONVERSION = YES;
				CLANG_WARN_NON_LITERAL_NULL_CONVERSION = YES;
				CLANG_WARN_OBJC_IMPLICIT_RETAIN_SELF = YES;
				CLANG_WARN_OBJC_LITERAL_CONVERSION = YES;
				CLANG_WARN_OBJC_ROOT_CLASS = YES_ERROR;
				CLANG_WARN_RANGE_LOOP_ANALYSIS = YES;
				CLANG_WARN_STRICT_PROTOTYPES = YES;
				CLANG_WARN_SUSPICIOUS_MOVE = YES;
				CLANG_WARN_UNGUARDED_AVAILABILITY = YES_AGGRESSIVE;
				CLANG_WARN_UNREACHABLE_CODE = YES;
				CLANG_WARN__DUPLICATE_METHOD_MATCH = YES;
				CODE_SIGN_IDENTITY = "iPhone Developer";
				COPY_PHASE_STRIP = NO;
				DEBUG_INFORMATION_FORMAT = "dwarf-with-dsym";
				ENABLE_NS_ASSERTIONS = NO;
				ENABLE_STRICT_OBJC_MSGSEND = YES;
				GCC_C_LANGUAGE_STANDARD = gnu11;
				GCC_NO_COMMON_BLOCKS = YES;
				GCC_WARN_64_TO_32_BIT_CONVERSION = YES;
				GCC_WARN_ABOUT_RETURN_TYPE = YES_ERROR;
				GCC_WARN_UNDECLARED_SELECTOR = YES;
				GCC_WARN_UNINITIALIZED_AUTOS = YES_AGGRESSIVE;
				GCC_WARN_UNUSED_FUNCTION = YES;
				GCC_WARN_UNUSED_VARIABLE = YES;
				IPHONEOS_DEPLOYMENT_TARGET = 12.1;
				MTL_ENABLE_DEBUG_INFO = NO;
				MTL_FAST_MATH = YES;
				SDKROOT = iphoneos;
				SWIFT_COMPILATION_MODE = wholemodule;
				SWIFT_OPTIMIZATION_LEVEL = "-O";
				VALIDATE_PRODUCT = YES;
			};
			name = Release;
		};
		0BB11FB7220B36570089AD1C /* Debug */ = {
			isa = XCBuildConfiguration;
			buildSettings = {
				ASSETCATALOG_COMPILER_APPICON_NAME = AppIcon;
				CODE_SIGN_STYLE = Automatic;
				DEVELOPMENT_TEAM = L688AU9RCV;
				INFOPLIST_FILE = Neon/Info.plist;
				LD_RUNPATH_SEARCH_PATHS = (
					"$(inherited)",
					"@executable_path/Frameworks",
				);
				PRODUCT_BUNDLE_IDENTIFIER = com.spencersymington.Neon;
				PRODUCT_NAME = "$(TARGET_NAME)";
				SWIFT_VERSION = 4.2;
				TARGETED_DEVICE_FAMILY = "1,2";
			};
			name = Debug;
		};
		0BB11FB8220B36570089AD1C /* Release */ = {
			isa = XCBuildConfiguration;
			buildSettings = {
				ASSETCATALOG_COMPILER_APPICON_NAME = AppIcon;
				CODE_SIGN_STYLE = Automatic;
				DEVELOPMENT_TEAM = L688AU9RCV;
				INFOPLIST_FILE = Neon/Info.plist;
				LD_RUNPATH_SEARCH_PATHS = (
					"$(inherited)",
					"@executable_path/Frameworks",
				);
				PRODUCT_BUNDLE_IDENTIFIER = com.spencersymington.Neon;
				PRODUCT_NAME = "$(TARGET_NAME)";
				SWIFT_VERSION = 4.2;
				TARGETED_DEVICE_FAMILY = "1,2";
			};
			name = Release;
		};
/* End XCBuildConfiguration section */

/* Begin XCConfigurationList section */
		0BB11F99220B36550089AD1C /* Build configuration list for PBXProject "Neon" */ = {
			isa = XCConfigurationList;
			buildConfigurations = (
				0BB11FB4220B36570089AD1C /* Debug */,
				0BB11FB5220B36570089AD1C /* Release */,
			);
			defaultConfigurationIsVisible = 0;
			defaultConfigurationName = Release;
		};
		0BB11FB6220B36570089AD1C /* Build configuration list for PBXNativeTarget "Neon" */ = {
			isa = XCConfigurationList;
			buildConfigurations = (
				0BB11FB7220B36570089AD1C /* Debug */,
				0BB11FB8220B36570089AD1C /* Release */,
			);
			defaultConfigurationIsVisible = 0;
			defaultConfigurationName = Release;
		};
/* End XCConfigurationList section */

/* Begin XCVersionGroup section */
		0B5E0361221686AD00606FC6 /* LevelModel.xcdatamodeld */ = {
			isa = XCVersionGroup;
			children = (
				0B5E0362221686AD00606FC6 /* LevelModel.xcdatamodel */,
			);
			currentVersion = 0B5E0362221686AD00606FC6 /* LevelModel.xcdatamodel */;
			path = LevelModel.xcdatamodeld;
			sourceTree = "<group>";
			versionGroupType = wrapper.xcdatamodel;
		};
/* End XCVersionGroup section */
	};
	rootObject = 0BB11F96220B36550089AD1C /* Project object */;
}
